
Microsoft Visual Studio Solution File, Format Version 12.00
# Visual Studio Version 17
VisualStudioVersion = 17.12.35527.113
MinimumVisualStudioVersion = 10.0.40219.1
Project("{FAE04EC0-301F-11D3-BF4B-00C04F79EFBC}") = "HSESport web app trial2", "HSESport web app trial2\HSESport web app trial2.csproj", "{F7453D90-96B6-47B3-BE15-B9E2822B6DF5}"
EndProject
Project("{FAE04EC0-301F-11D3-BF4B-00C04F79EFBC}") = "Controller_Tests", "Controller_Tests\Controller_Tests.csproj", "{C1BE687E-D157-4F70-A1D7-24A4F8CB3071}"
EndProject
Global
	GlobalSection(SolutionConfigurationPlatforms) = preSolution
		Debug|Any CPU = Debug|Any CPU
		Release|Any CPU = Release|Any CPU
	EndGlobalSection
	GlobalSection(ProjectConfigurationPlatforms) = postSolution
		{F7453D90-96B6-47B3-BE15-B9E2822B6DF5}.Debug|Any CPU.ActiveCfg = Debug|Any CPU
		{F7453D90-96B6-47B3-BE15-B9E2822B6DF5}.Debug|Any CPU.Build.0 = Debug|Any CPU
		{F7453D90-96B6-47B3-BE15-B9E2822B6DF5}.Release|Any CPU.ActiveCfg = Release|Any CPU
		{F7453D90-96B6-47B3-BE15-B9E2822B6DF5}.Release|Any CPU.Build.0 = Release|Any CPU
		{C1BE687E-D157-4F70-A1D7-24A4F8CB3071}.Debug|Any CPU.ActiveCfg = Debug|Any CPU
		{C1BE687E-D157-4F70-A1D7-24A4F8CB3071}.Debug|Any CPU.Build.0 = Debug|Any CPU
		{C1BE687E-D157-4F70-A1D7-24A4F8CB3071}.Release|Any CPU.ActiveCfg = Release|Any CPU
		{C1BE687E-D157-4F70-A1D7-24A4F8CB3071}.Release|Any CPU.Build.0 = Release|Any CPU
	EndGlobalSection
	GlobalSection(SolutionProperties) = preSolution
		HideSolutionNode = FALSE
	EndGlobalSection
EndGlobal
